
Microsoft Visual Studio Solution File, Format Version 12.00
# Visual Studio 15
VisualStudioVersion = 15.0.28307.1321
MinimumVisualStudioVersion = 10.0.40219.1
Project("{FAE04EC0-301F-11D3-BF4B-00C04F79EFBC}") = "CataSolutions", "CataSolutions\CataSolutions.csproj", "{577A1C60-679E-467D-B972-4D7DCA647766}"
EndProject
Global
	GlobalSection(SolutionConfigurationPlatforms) = preSolution
		Debug|Any CPU = Debug|Any CPU
		Release|Any CPU = Release|Any CPU
	EndGlobalSection
	GlobalSection(ProjectConfigurationPlatforms) = postSolution
		{577A1C60-679E-467D-B972-4D7DCA647766}.Debug|Any CPU.ActiveCfg = Debug|Any CPU
		{577A1C60-679E-467D-B972-4D7DCA647766}.Debug|Any CPU.Build.0 = Debug|Any CPU
		{577A1C60-679E-467D-B972-4D7DCA647766}.Release|Any CPU.ActiveCfg = Release|Any CPU
		{577A1C60-679E-467D-B972-4D7DCA647766}.Release|Any CPU.Build.0 = Release|Any CPU
	EndGlobalSection
	GlobalSection(SolutionProperties) = preSolution
		HideSolutionNode = FALSE
	EndGlobalSection
	GlobalSection(ExtensibilityGlobals) = postSolution
		SolutionGuid = {57F980FF-CC4D-4190-9FFC-A70FF3E9B969}
	EndGlobalSection
EndGlobal
